{
  "name": "classes",
  "version": "1.0.0",
  "lockfileVersion": 3,
  "requires": true,
  "packages": {
    "": {
      "name": "classes",
      "version": "1.0.0",
      "license": "ISC",
      "dependencies": {
        "cnpj": "^4.0.3",
        "cpf": "^2.0.1"
      }
    },
    "node_modules/cnpj": {
      "version": "4.0.3",
      "resolved": "https://registry.npmjs.org/cnpj/-/cnpj-4.0.3.tgz",
      "integrity": "sha512-Loxm34jEwXKSLM6C6gttfjjm3x019ButzzcrGB1qVYz4mHa9NFSKT000ZQIsJCUti7amEt218gZQTINJ2TsS4Q=="
    },
    "node_modules/cpf": {
      "version": "2.0.1",
      "resolved": "https://registry.npmjs.org/cpf/-/cpf-2.0.1.tgz",
      "integrity": "sha512-YpRbrpjQCDkZgMUOLxLfme8wE8X56fHXOGMGDsYA48f7UrjaCHU0TP8d+CKmxvNVjBDVtHiCUiBw8vfstdslbw=="
    }
  }
}
